
Microsoft Visual Studio Solution File, Format Version 12.00
# Visual Studio 15
VisualStudioVersion = 15.0.27729.1
MinimumVisualStudioVersion = 10.0.40219.1
Project("{FAE04EC0-301F-11D3-BF4B-00C04F79EFBC}") = "WebApi", "WebApi\WebApi.csproj", "{477D082F-C73A-488C-88D8-BBFD8F1D7147}"
EndProject
Global
	GlobalSection(SolutionConfigurationPlatforms) = preSolution
		Debug|Any CPU = Debug|Any CPU
		Release|Any CPU = Release|Any CPU
	EndGlobalSection
	GlobalSection(ProjectConfigurationPlatforms) = postSolution
		{477D082F-C73A-488C-88D8-BBFD8F1D7147}.Debug|Any CPU.ActiveCfg = Debug|Any CPU
		{477D082F-C73A-488C-88D8-BBFD8F1D7147}.Debug|Any CPU.Build.0 = Debug|Any CPU
		{477D082F-C73A-488C-88D8-BBFD8F1D7147}.Release|Any CPU.ActiveCfg = Release|Any CPU
		{477D082F-C73A-488C-88D8-BBFD8F1D7147}.Release|Any CPU.Build.0 = Release|Any CPU
	EndGlobalSection
	GlobalSection(SolutionProperties) = preSolution
		HideSolutionNode = FALSE
	EndGlobalSection
	GlobalSection(ExtensibilityGlobals) = postSolution
		SolutionGuid = {B10F2764-4AC5-4FF8-A3DE-A8480AEDECFE}
	EndGlobalSection
EndGlobal
